<?xml version="1.0" encoding="utf-8"?>
<Project ToolsVersion="4.0" xmlns="http://schemas.microsoft.com/developer/msbuild/2003">
  <ItemGroup>
    <Filter Include="來源檔案">
      <UniqueIdentifier>{4FC737F1-C7A5-4376-A066-2A32D752A2FF}</UniqueIdentifier>
      <Extensions>cpp;c;cc;cxx;c++;cppm;ixx;def;odl;idl;hpj;bat;asm;asmx</Extensions>
    </Filter>
    <Filter Include="標頭檔">
      <UniqueIdentifier>{93995380-89BD-4b04-88EB-625FBE52EBFB}</UniqueIdentifier>
      <Extensions>h;hh;hpp;hxx;h++;hm;inl;inc;ipp;xsd</Extensions>
    </Filter>
    <Filter Include="資源檔">
      <UniqueIdentifier>{67DA6AB6-F800-4c08-8B7A-83BB121AAD01}</UniqueIdentifier>
      <Extensions>rc;ico;cur;bmp;dlg;rc2;rct;bin;rgs;gif;jpg;jpeg;jpe;resx;tiff;tif;png;wav;mfcribbon-ms</Extensions>
    </Filter>
    <Filter Include="來源檔案\CompanyA">
      <UniqueIdentifier>{b2c2d81f-edf1-4818-82b6-5a00e97e4d17}</UniqueIdentifier>
    </Filter>
    <Filter Include="來源檔案\CompanyB">
      <UniqueIdentifier>{b178374d-a2b8-45f3-b809-56b442b28bd0}</UniqueIdentifier>
    </Filter>
  </ItemGroup>
  <ItemGroup>
    <ClCompile Include="building.cpp">
      <Filter>來源檔案</Filter>
    </ClCompile>
    <ClCompile Include="companyA.cpp">
      <Filter>來源檔案\CompanyA</Filter>
    </ClCompile>
    <ClCompile Include="companyB.cpp">
      <Filter>來源檔案\CompanyB</Filter>
    </ClCompile>
  </ItemGroup>
  <ItemGroup>
    <ClInclude Include="building_interface.h">
      <Filter>標頭檔</Filter>
    </ClInclude>
    <ClInclude Include="companyA.h">
      <Filter>來源檔案\CompanyA</Filter>
    </ClInclude>
    <ClInclude Include="companyB.h">
      <Filter>來源檔案\CompanyB</Filter>
    </ClInclude>
  </ItemGroup>
</Project>